
Microsoft Visual Studio Solution File, Format Version 12.00
# Visual Studio 2013
VisualStudioVersion = 12.0.31101.0
MinimumVisualStudioVersion = 10.0.40219.1
Project("{8BC9CEB8-8B4A-11D0-8D11-00A0C91BC942}") = "Fade2D", "Fade2D\Fade2D.vcxproj", "{49659BE4-40F9-46DE-9932-C8954F249191}"
EndProject
Project("{8BC9CEB8-8B4A-11D0-8D11-00A0C91BC942}") = "Bounce", "Bounce\Bounce.vcxproj", "{3EA16659-4662-4F7B-A6E5-8091519DF513}"
	ProjectSection(ProjectDependencies) = postProject
		{49659BE4-40F9-46DE-9932-C8954F249191} = {49659BE4-40F9-46DE-9932-C8954F249191}
	EndProjectSection
EndProject
Global
	GlobalSection(SolutionConfigurationPlatforms) = preSolution
		Debug|Win32 = Debug|Win32
		Debug|x64 = Debug|x64
		Release|Win32 = Release|Win32
		Release|x64 = Release|x64
	EndGlobalSection
	GlobalSection(ProjectConfigurationPlatforms) = postSolution
		{49659BE4-40F9-46DE-9932-C8954F249191}.Debug|Win32.ActiveCfg = Debug|Win32
		{49659BE4-40F9-46DE-9932-C8954F249191}.Debug|Win32.Build.0 = Debug|Win32
		{49659BE4-40F9-46DE-9932-C8954F249191}.Debug|x64.ActiveCfg = Debug|x64
		{49659BE4-40F9-46DE-9932-C8954F249191}.Debug|x64.Build.0 = Debug|x64
		{49659BE4-40F9-46DE-9932-C8954F249191}.Release|Win32.ActiveCfg = Release|Win32
		{49659BE4-40F9-46DE-9932-C8954F249191}.Release|Win32.Build.0 = Release|Win32
		{49659BE4-40F9-46DE-9932-C8954F249191}.Release|x64.ActiveCfg = Release|x64
		{49659BE4-40F9-46DE-9932-C8954F249191}.Release|x64.Build.0 = Release|x64
		{3EA16659-4662-4F7B-A6E5-8091519DF513}.Debug|Win32.ActiveCfg = Debug|Win32
		{3EA16659-4662-4F7B-A6E5-8091519DF513}.Debug|Win32.Build.0 = Debug|Win32
		{3EA16659-4662-4F7B-A6E5-8091519DF513}.Debug|x64.ActiveCfg = Debug|x64
		{3EA16659-4662-4F7B-A6E5-8091519DF513}.Debug|x64.Build.0 = Debug|x64
		{3EA16659-4662-4F7B-A6E5-8091519DF513}.Release|Win32.ActiveCfg = Release|Win32
		{3EA16659-4662-4F7B-A6E5-8091519DF513}.Release|Win32.Build.0 = Release|Win32
		{3EA16659-4662-4F7B-A6E5-8091519DF513}.Release|x64.ActiveCfg = Release|x64
		{3EA16659-4662-4F7B-A6E5-8091519DF513}.Release|x64.Build.0 = Release|x64
	EndGlobalSection
	GlobalSection(SolutionProperties) = preSolution
		HideSolutionNode = FALSE
	EndGlobalSection
EndGlobal
